
Microsoft Visual Studio Solution File, Format Version 12.00
# Visual Studio 15
VisualStudioVersion = 15.0.28307.421
MinimumVisualStudioVersion = 10.0.40219.1
Project("{2150E333-8FDC-42A3-9474-1A3956D46DE8}") = "src", "src", "{AFAA0841-BD93-466F-B8F4-FB4EEC86F1FC}"
EndProject
Project("{2150E333-8FDC-42A3-9474-1A3956D46DE8}") = "test", "test", "{F10AA149-2626-486E-85BB-9CD5365F3016}"
EndProject
Project("{9A19103F-16F7-4668-BE54-9A1E7A4F7556}") = "GSoft.AbpZeroTemplate.Web.Mvc", "src\GSoft.AbpZeroTemplate.Web.Mvc\GSoft.AbpZeroTemplate.Web.Mvc.csproj", "{A2213374-BB48-48FD-BBD4-81E6A961D866}"
EndProject
Project("{9A19103F-16F7-4668-BE54-9A1E7A4F7556}") = "GSoft.AbpZeroTemplate.Web.Host", "src\GSoft.AbpZeroTemplate.Web.Host\GSoft.AbpZeroTemplate.Web.Host.csproj", "{9FC37C62-2105-4D32-9724-7323B959504B}"
EndProject
Project("{9A19103F-16F7-4668-BE54-9A1E7A4F7556}") = "GSoft.AbpZeroTemplate.Core", "src\GSoft.AbpZeroTemplate.Core\GSoft.AbpZeroTemplate.Core.csproj", "{0FA75A5B-AB83-4FD0-B545-279774C01E87}"
EndProject
Project("{9A19103F-16F7-4668-BE54-9A1E7A4F7556}") = "GSoft.AbpZeroTemplate.Application", "src\GSoft.AbpZeroTemplate.Application\GSoft.AbpZeroTemplate.Application.csproj", "{3870C648-4AEA-4B85-BA3F-F2F63B96136A}"
EndProject
Project("{9A19103F-16F7-4668-BE54-9A1E7A4F7556}") = "GSoft.AbpZeroTemplate.Tests", "test\GSoft.AbpZeroTemplate.Tests\GSoft.AbpZeroTemplate.Tests.csproj", "{0D4C5D00-C144-4213-A007-4B8944113AB1}"
EndProject
Project("{9A19103F-16F7-4668-BE54-9A1E7A4F7556}") = "GSoft.AbpZeroTemplate.Migrator", "src\GSoft.AbpZeroTemplate.Migrator\GSoft.AbpZeroTemplate.Migrator.csproj", "{7CAD3713-812A-4DE1-BDE3-59225B1E430A}"
EndProject
Project("{9A19103F-16F7-4668-BE54-9A1E7A4F7556}") = "GSoft.AbpZeroTemplate.Web.Core", "src\GSoft.AbpZeroTemplate.Web.Core\GSoft.AbpZeroTemplate.Web.Core.csproj", "{0F0E141D-2626-4114-9805-3AFD8275A6B0}"
EndProject
Project("{9A19103F-16F7-4668-BE54-9A1E7A4F7556}") = "GSoft.AbpZeroTemplate.EntityFrameworkCore", "src\GSoft.AbpZeroTemplate.EntityFrameworkCore\GSoft.AbpZeroTemplate.EntityFrameworkCore.csproj", "{A229F7D5-EE83-462E-8642-E9A2D5EA90FE}"
EndProject
Project("{2150E333-8FDC-42A3-9474-1A3956D46DE8}") = "Solution Items", "Solution Items", "{D04D9608-9CEB-4E0A-B548-410F7475E9F1}"
	ProjectSection(SolutionItems) = preProject
		common.props = common.props
	EndProjectSection
EndProject
Project("{9A19103F-16F7-4668-BE54-9A1E7A4F7556}") = "GSoft.AbpZeroTemplate.ConsoleApiClient", "test\GSoft.AbpZeroTemplate.ConsoleApiClient\GSoft.AbpZeroTemplate.ConsoleApiClient.csproj", "{25CD4D8C-D3DB-48A0-A4D0-639B6D0BDC7C}"
EndProject
Project("{9A19103F-16F7-4668-BE54-9A1E7A4F7556}") = "GSoft.AbpZeroTemplate.Web.Public", "src\GSoft.AbpZeroTemplate.Web.Public\GSoft.AbpZeroTemplate.Web.Public.csproj", "{2A88C289-A06A-4D69-8C71-E632E0F6B96D}"
EndProject
Project("{9A19103F-16F7-4668-BE54-9A1E7A4F7556}") = "GSoft.AbpZeroTemplate.Application.Shared", "src\GSoft.AbpZeroTemplate.Application.Shared\GSoft.AbpZeroTemplate.Application.Shared.csproj", "{6143A90B-6C2A-4683-8A3A-4D48702770EA}"
EndProject
Project("{9A19103F-16F7-4668-BE54-9A1E7A4F7556}") = "GSoft.AbpZeroTemplate.Core.Shared", "src\GSoft.AbpZeroTemplate.Core.Shared\GSoft.AbpZeroTemplate.Core.Shared.csproj", "{4D6603C1-F7D6-4681-97F8-69B4BBBC0536}"
EndProject
Project("{2150E333-8FDC-42A3-9474-1A3956D46DE8}") = "docs", "docs", "{AEA1AD24-5FB6-4DC1-919A-36B603507171}"
	ProjectSection(SolutionItems) = preProject
		docs\1.README.md = docs\1.README.md
		docs\2.SetPermission.md = docs\2.SetPermission.md
		docs\UpgradeDotnetZero.md = docs\UpgradeDotnetZero.md
	EndProjectSection
EndProject
Project("{9A19103F-16F7-4668-BE54-9A1E7A4F7556}") = "GWebsite.AbpZeroTemplate.Core", "src\GWebsite.AbpZeroTemplate.Core\GWebsite.AbpZeroTemplate.Core.csproj", "{5FA9A9A2-373A-4575-94AB-601BE794D019}"
EndProject
Project("{2150E333-8FDC-42A3-9474-1A3956D46DE8}") = "GWebsites", "GWebsites", "{D5D79B55-5E63-4C5F-AA00-20E237EF005D}"
EndProject
Project("{9A19103F-16F7-4668-BE54-9A1E7A4F7556}") = "GWebsite.AbpZeroTemplate.Application", "src\GWebsite.AbpZeroTemplate.Application\GWebsite.AbpZeroTemplate.Application.csproj", "{87C2AC3E-A778-4F47-BAC7-00BEABA51CAD}"
EndProject
Project("{9A19103F-16F7-4668-BE54-9A1E7A4F7556}") = "GWebsite.AbpZeroTemplate.Web.Core", "src\GWebsite.AbpZeroTemplate.Web.Core\GWebsite.AbpZeroTemplate.Web.Core.csproj", "{27456480-9559-4B3F-A039-BC5FEDE2460B}"
EndProject
Project("{9A19103F-16F7-4668-BE54-9A1E7A4F7556}") = "GWebsite.AbpZeroTemplate.Application.Share", "src\GWebsite.AbpZeroTemplate.Application.Share\GWebsite.AbpZeroTemplate.Application.Share.csproj", "{A3BD2085-C17A-4C33-B8D7-DA3C211FBEA0}"
EndProject
Project("{9A19103F-16F7-4668-BE54-9A1E7A4F7556}") = "GWebsite.AbpZeroTemplate.EntityFrameworkCore", "src\GWebsite.AbpZeroTemplate.EntityFrameworkCore\GWebsite.AbpZeroTemplate.EntityFrameworkCore.csproj", "{3A04000E-9332-44B4-B677-77685B709989}"
EndProject
Project("{2150E333-8FDC-42A3-9474-1A3956D46DE8}") = "group10", "group10", "{6E629E77-5932-46FA-A6A9-5D1F10F5FC7C}"
EndProject
Project("{9A19103F-16F7-4668-BE54-9A1E7A4F7556}") = "Group10.AbpZeroTemplate.Application", "src\group10\Group10.AbpZeroTemplate.Application\Group10.AbpZeroTemplate.Application.csproj", "{6EAD24D8-E7C3-4F64-8B90-5790115BBD8B}"
EndProject
Project("{9A19103F-16F7-4668-BE54-9A1E7A4F7556}") = "Group10.AbpZeroTemplate.Web.Core", "src\group10\Group10.AbpZeroTemplate.Web.Core\Group10.AbpZeroTemplate.Web.Core.csproj", "{B466F6DB-4F99-480C-B01D-F6868F3ED615}"
EndProject
Project("{2150E333-8FDC-42A3-9474-1A3956D46DE8}") = "group0", "group0", "{5ADFDF1F-8F68-4E65-AC59-33ED24404A2F}"
EndProject
Project("{2150E333-8FDC-42A3-9474-1A3956D46DE8}") = "group13", "group13", "{5BFA6590-E3D6-4D78-A62D-08AAF20702D2}"
EndProject
Project("{2150E333-8FDC-42A3-9474-1A3956D46DE8}") = "group2", "group2", "{40A10015-39E3-41F2-9B74-DF5FE01DB521}"
EndProject
Project("{2150E333-8FDC-42A3-9474-1A3956D46DE8}") = "group3", "group3", "{38571043-FF43-49DD-93A4-D1C041E05840}"
EndProject
Project("{2150E333-8FDC-42A3-9474-1A3956D46DE8}") = "group4", "group4", "{262ACBB2-565F-43C2-A4ED-026F879F1F57}"
EndProject
Project("{2150E333-8FDC-42A3-9474-1A3956D46DE8}") = "group6", "group6", "{8255DC0D-6595-43D7-8F01-80269EC78A51}"
EndProject
Project("{2150E333-8FDC-42A3-9474-1A3956D46DE8}") = "group5", "group5", "{1189B4FD-8FC2-4BEC-8861-FA4233F0EB41}"
EndProject
Project("{2150E333-8FDC-42A3-9474-1A3956D46DE8}") = "group7", "group7", "{5C2A1D9B-3ADD-46F8-9A25-27ABAA8F2A4E}"
EndProject
Project("{2150E333-8FDC-42A3-9474-1A3956D46DE8}") = "group8", "group8", "{65D743AD-498F-48D2-8DAC-53DDF4689D69}"
EndProject
Project("{2150E333-8FDC-42A3-9474-1A3956D46DE8}") = "group9", "group9", "{5E011C0C-635A-46F9-87FF-9B504FBFC518}"
EndProject
Project("{2150E333-8FDC-42A3-9474-1A3956D46DE8}") = "group11", "group11", "{D306161B-C0E8-4BAF-B9AC-E42200AE4276}"
EndProject
Project("{2150E333-8FDC-42A3-9474-1A3956D46DE8}") = "group12", "group12", "{EAC1C485-1BAB-487B-A569-0E620358C3DA}"
EndProject
Project("{2150E333-8FDC-42A3-9474-1A3956D46DE8}") = "group14", "group14", "{60DEB151-63D8-49FD-9A9A-9B7023FBFCEA}"
EndProject
Project("{2150E333-8FDC-42A3-9474-1A3956D46DE8}") = "group15", "group15", "{593D412D-CDB9-490F-968B-35DD368099F2}"
EndProject
Project("{2150E333-8FDC-42A3-9474-1A3956D46DE8}") = "group17", "group17", "{72E5D709-AEF3-45AB-A927-C0F74C01243E}"
EndProject
Project("{9A19103F-16F7-4668-BE54-9A1E7A4F7556}") = "Group0.AbpZeroTemplate.Application", "src\group0\Group0.AbpZeroTemplate.Application\Group0.AbpZeroTemplate.Application.csproj", "{AADEA4D0-03C9-40D3-80F1-5CB553A7E94C}"
EndProject
Project("{9A19103F-16F7-4668-BE54-9A1E7A4F7556}") = "Group0.AbpZeroTemplate.Web.Core", "src\group0\Group0.AbpZeroTemplate.Web.Core\Group0.AbpZeroTemplate.Web.Core.csproj", "{CDF35C2E-E848-4F12-BFC6-C836A07609F2}"
EndProject
Project("{9A19103F-16F7-4668-BE54-9A1E7A4F7556}") = "Group2.AbpZeroTemplate.Application", "src\group2\Group2.AbpZeroTemplate.Application\Group2.AbpZeroTemplate.Application.csproj", "{EC6C9599-AF30-45B0-8669-CAE773B5E8A5}"
EndProject
Project("{9A19103F-16F7-4668-BE54-9A1E7A4F7556}") = "Group2.AbpZeroTemplate.Web.Core", "src\group2\Group2.AbpZeroTemplate.Web.Core\Group2.AbpZeroTemplate.Web.Core.csproj", "{B8A16D66-C3DB-4840-BAEE-BE7BE63BB8F2}"
EndProject
Project("{9A19103F-16F7-4668-BE54-9A1E7A4F7556}") = "Group3.AbpZeroTemplate.Application", "src\group3\Group3.AbpZeroTemplate.Application\Group3.AbpZeroTemplate.Application.csproj", "{0C856DFF-3D85-43FF-864C-55869B9163AE}"
EndProject
Project("{9A19103F-16F7-4668-BE54-9A1E7A4F7556}") = "Group3.AbpZeroTemplate.Web.Core", "src\group3\Group3.AbpZeroTemplate.Web.Core\Group3.AbpZeroTemplate.Web.Core.csproj", "{709B6EC6-B9C0-4E4E-A205-54A4EF72C21A}"
EndProject
Project("{9A19103F-16F7-4668-BE54-9A1E7A4F7556}") = "Group4.AbpZeroTemplate.Application", "src\group4\Group4.AbpZeroTemplate.Application\Group4.AbpZeroTemplate.Application.csproj", "{570E4099-C9AD-4F8D-B4F4-B0AFD8DD8A24}"
EndProject
Project("{9A19103F-16F7-4668-BE54-9A1E7A4F7556}") = "Group4.AbpZeroTemplate.Web.Core", "src\group4\Group4.AbpZeroTemplate.Web.Core\Group4.AbpZeroTemplate.Web.Core.csproj", "{C6B72159-FD63-4DD2-B094-D9F3015E8265}"
EndProject
Project("{9A19103F-16F7-4668-BE54-9A1E7A4F7556}") = "Group5.AbpZeroTemplate.Application", "src\group5\Group5.AbpZeroTemplate.Application\Group5.AbpZeroTemplate.Application.csproj", "{EB16F05B-D47E-4E0A-A585-F71C8FAD8B7D}"
EndProject
Project("{9A19103F-16F7-4668-BE54-9A1E7A4F7556}") = "Group5.AbpZeroTemplate.Web.Core", "src\group5\Group5.AbpZeroTemplate.Web.Core\Group5.AbpZeroTemplate.Web.Core.csproj", "{79F46B1C-AEDC-4CFD-A6CA-767D626E9674}"
EndProject
Project("{9A19103F-16F7-4668-BE54-9A1E7A4F7556}") = "Group6.AbpZeroTemplate.Application", "src\group6\Group6.AbpZeroTemplate.Application\Group6.AbpZeroTemplate.Application.csproj", "{D0A64CB4-FF94-45F2-B829-7001B5B64EA4}"
EndProject
Project("{9A19103F-16F7-4668-BE54-9A1E7A4F7556}") = "Group6.AbpZeroTemplate.Web.Core", "src\group6\Group6.AbpZeroTemplate.Web.Core\Group6.AbpZeroTemplate.Web.Core.csproj", "{208E729D-28B1-41B1-99E8-FA0B4D609892}"
EndProject
Project("{9A19103F-16F7-4668-BE54-9A1E7A4F7556}") = "Group7.AbpZeroTemplate.Application", "src\group7\Group7.AbpZeroTemplate.Application\Group7.AbpZeroTemplate.Application.csproj", "{BC740613-300C-40E5-BDCC-08ACC42D096E}"
EndProject
Project("{9A19103F-16F7-4668-BE54-9A1E7A4F7556}") = "Group7.AbpZeroTemplate.Web.Core", "src\group7\Group7.AbpZeroTemplate.Web.Core\Group7.AbpZeroTemplate.Web.Core.csproj", "{B360F42B-1D5B-41C7-80C1-939391E64FA3}"
EndProject
Project("{9A19103F-16F7-4668-BE54-9A1E7A4F7556}") = "Group8.AbpZeroTemplate.Application", "src\group8\Group8.AbpZeroTemplate.Application\Group8.AbpZeroTemplate.Application.csproj", "{580E3CAD-17DD-409F-83C2-2F62621A11A9}"
EndProject
Project("{9A19103F-16F7-4668-BE54-9A1E7A4F7556}") = "Group8.AbpZeroTemplate.Web.Core", "src\group8\Group8.AbpZeroTemplate.Web.Core\Group8.AbpZeroTemplate.Web.Core.csproj", "{4635066C-0066-4A7D-B101-8E1016A7EB36}"
EndProject
Project("{9A19103F-16F7-4668-BE54-9A1E7A4F7556}") = "Group9.AbpZeroTemplate.Application", "src\group9\Group9.AbpZeroTemplate.Application\Group9.AbpZeroTemplate.Application.csproj", "{D7CA530F-C00C-4AB7-A931-64C8E1056F2C}"
EndProject
Project("{9A19103F-16F7-4668-BE54-9A1E7A4F7556}") = "Group9.AbpZeroTemplate.Web.Core", "src\group9\Group9.AbpZeroTemplate.Web.Core\Group9.AbpZeroTemplate.Web.Core.csproj", "{212F25C9-78E6-4AEA-B9A7-CFA1DF2200C4}"
EndProject
Project("{9A19103F-16F7-4668-BE54-9A1E7A4F7556}") = "Group11.AbpZeroTemplate.Application", "src\group11\Group11.AbpZeroTemplate.Application\Group11.AbpZeroTemplate.Application.csproj", "{968208E9-1BA3-4069-990D-2F933DFF6FF5}"
EndProject
Project("{9A19103F-16F7-4668-BE54-9A1E7A4F7556}") = "Group11.AbpZeroTemplate.Web.Core", "src\group11\Group11.AbpZeroTemplate.Web.Core\Group11.AbpZeroTemplate.Web.Core.csproj", "{974276AE-E8FF-444F-B324-A1C2DFE7C6A8}"
EndProject
Project("{9A19103F-16F7-4668-BE54-9A1E7A4F7556}") = "Group12.AbpZeroTemplate.Application", "src\group12\Group12.AbpZeroTemplate.Application\Group12.AbpZeroTemplate.Application.csproj", "{5943B5FB-2F50-4C74-9AB1-55EA5C5776A6}"
EndProject
Project("{9A19103F-16F7-4668-BE54-9A1E7A4F7556}") = "Group12.AbpZeroTemplate.Web.Core", "src\group12\Group12.AbpZeroTemplate.Web.Core\Group12.AbpZeroTemplate.Web.Core.csproj", "{1F15AB2A-14CC-40A7-B156-3E0D8FE06E06}"
EndProject
Project("{9A19103F-16F7-4668-BE54-9A1E7A4F7556}") = "Group13.AbpZeroTemplate.Application", "src\group13\Group13.AbpZeroTemplate.Application\Group13.AbpZeroTemplate.Application.csproj", "{04C20025-7565-499B-81D6-DD3C64ACA8F5}"
EndProject
Project("{9A19103F-16F7-4668-BE54-9A1E7A4F7556}") = "Group13.AbpZeroTemplate.Web.Core", "src\group13\Group13.AbpZeroTemplate.Web.Core\Group13.AbpZeroTemplate.Web.Core.csproj", "{4FFE2D8B-4F7D-4974-BF05-5CCAED816057}"
EndProject
Project("{9A19103F-16F7-4668-BE54-9A1E7A4F7556}") = "Group14.AbpZeroTemplate.Application", "src\group14\Group14.AbpZeroTemplate.Application\Group14.AbpZeroTemplate.Application.csproj", "{638BE7CF-03DF-4259-8FF9-2E3BF0ED2E64}"
EndProject
Project("{9A19103F-16F7-4668-BE54-9A1E7A4F7556}") = "Group14.AbpZeroTemplate.Web.Core", "src\group14\Group14.AbpZeroTemplate.Web.Core\Group14.AbpZeroTemplate.Web.Core.csproj", "{106D9B62-C776-4ACD-891D-7A88FE381824}"
EndProject
Project("{9A19103F-16F7-4668-BE54-9A1E7A4F7556}") = "Group15.AbpZeroTemplate.Application", "src\group15\Group15.AbpZeroTemplate.Application\Group15.AbpZeroTemplate.Application.csproj", "{93F6A933-5806-41D3-8E31-37A76BD48A2C}"
EndProject
Project("{9A19103F-16F7-4668-BE54-9A1E7A4F7556}") = "Group15.AbpZeroTemplate.Web.Core", "src\group15\Group15.AbpZeroTemplate.Web.Core\Group15.AbpZeroTemplate.Web.Core.csproj", "{482A7FA0-5549-4A86-9FF6-E8FBBF417723}"
EndProject
Project("{9A19103F-16F7-4668-BE54-9A1E7A4F7556}") = "Group17.AbpZeroTemplate.Application", "src\group17\Group17.AbpZeroTemplate.Application\Group17.AbpZeroTemplate.Application.csproj", "{7C232388-F2F0-426C-AAEC-F689BA4EB696}"
EndProject
Project("{9A19103F-16F7-4668-BE54-9A1E7A4F7556}") = "Group17.AbpZeroTemplate.Web.Core", "src\group17\Group17.AbpZeroTemplate.Web.Core\Group17.AbpZeroTemplate.Web.Core.csproj", "{1C08BB90-FBD3-4ED2-BEC2-DE2565BC2178}"
EndProject
Project("{9A19103F-16F7-4668-BE54-9A1E7A4F7556}") = "Selenium.Test", "test\Selenium.Test\Selenium.Test.csproj", "{B80A6FDA-15FB-4886-87F2-1745F248D65D}"
EndProject
Project("{2150E333-8FDC-42A3-9474-1A3956D46DE8}") = "template", "template", "{D6B4E26E-84CE-4BDF-AE85-A88EF643E6FA}"
	ProjectSection(SolutionItems) = preProject
		..\..\..\DoAnCNPMCS\se214.k21_fixed-asset-management-solution\aspnet-core\src\GSoft.AbpZeroTemplate.Web.Host\wwwroot\group2_template.xlsx = ..\..\..\DoAnCNPMCS\se214.k21_fixed-asset-management-solution\aspnet-core\src\GSoft.AbpZeroTemplate.Web.Host\wwwroot\group2_template.xlsx
	EndProjectSection
EndProject
Global
	GlobalSection(SolutionConfigurationPlatforms) = preSolution
		Debug|Any CPU = Debug|Any CPU
		Release|Any CPU = Release|Any CPU
	EndGlobalSection
	GlobalSection(ProjectConfigurationPlatforms) = postSolution
		{A2213374-BB48-48FD-BBD4-81E6A961D866}.Debug|Any CPU.ActiveCfg = Debug|Any CPU
		{A2213374-BB48-48FD-BBD4-81E6A961D866}.Debug|Any CPU.Build.0 = Debug|Any CPU
		{A2213374-BB48-48FD-BBD4-81E6A961D866}.Release|Any CPU.ActiveCfg = Release|Any CPU
		{A2213374-BB48-48FD-BBD4-81E6A961D866}.Release|Any CPU.Build.0 = Release|Any CPU
		{9FC37C62-2105-4D32-9724-7323B959504B}.Debug|Any CPU.ActiveCfg = Debug|Any CPU
		{9FC37C62-2105-4D32-9724-7323B959504B}.Debug|Any CPU.Build.0 = Debug|Any CPU
		{9FC37C62-2105-4D32-9724-7323B959504B}.Release|Any CPU.ActiveCfg = Release|Any CPU
		{9FC37C62-2105-4D32-9724-7323B959504B}.Release|Any CPU.Build.0 = Release|Any CPU
		{0FA75A5B-AB83-4FD0-B545-279774C01E87}.Debug|Any CPU.ActiveCfg = Debug|Any CPU
		{0FA75A5B-AB83-4FD0-B545-279774C01E87}.Debug|Any CPU.Build.0 = Debug|Any CPU
		{0FA75A5B-AB83-4FD0-B545-279774C01E87}.Release|Any CPU.ActiveCfg = Release|Any CPU
		{0FA75A5B-AB83-4FD0-B545-279774C01E87}.Release|Any CPU.Build.0 = Release|Any CPU
		{3870C648-4AEA-4B85-BA3F-F2F63B96136A}.Debug|Any CPU.ActiveCfg = Debug|Any CPU
		{3870C648-4AEA-4B85-BA3F-F2F63B96136A}.Debug|Any CPU.Build.0 = Debug|Any CPU
		{3870C648-4AEA-4B85-BA3F-F2F63B96136A}.Release|Any CPU.ActiveCfg = Release|Any CPU
		{3870C648-4AEA-4B85-BA3F-F2F63B96136A}.Release|Any CPU.Build.0 = Release|Any CPU
		{0D4C5D00-C144-4213-A007-4B8944113AB1}.Debug|Any CPU.ActiveCfg = Debug|Any CPU
		{0D4C5D00-C144-4213-A007-4B8944113AB1}.Debug|Any CPU.Build.0 = Debug|Any CPU
		{0D4C5D00-C144-4213-A007-4B8944113AB1}.Release|Any CPU.ActiveCfg = Release|Any CPU
		{0D4C5D00-C144-4213-A007-4B8944113AB1}.Release|Any CPU.Build.0 = Release|Any CPU
		{7CAD3713-812A-4DE1-BDE3-59225B1E430A}.Debug|Any CPU.ActiveCfg = Debug|Any CPU
		{7CAD3713-812A-4DE1-BDE3-59225B1E430A}.Debug|Any CPU.Build.0 = Debug|Any CPU
		{7CAD3713-812A-4DE1-BDE3-59225B1E430A}.Release|Any CPU.ActiveCfg = Release|Any CPU
		{7CAD3713-812A-4DE1-BDE3-59225B1E430A}.Release|Any CPU.Build.0 = Release|Any CPU
		{0F0E141D-2626-4114-9805-3AFD8275A6B0}.Debug|Any CPU.ActiveCfg = Debug|Any CPU
		{0F0E141D-2626-4114-9805-3AFD8275A6B0}.Debug|Any CPU.Build.0 = Debug|Any CPU
		{0F0E141D-2626-4114-9805-3AFD8275A6B0}.Release|Any CPU.ActiveCfg = Release|Any CPU
		{0F0E141D-2626-4114-9805-3AFD8275A6B0}.Release|Any CPU.Build.0 = Release|Any CPU
		{A229F7D5-EE83-462E-8642-E9A2D5EA90FE}.Debug|Any CPU.ActiveCfg = Debug|Any CPU
		{A229F7D5-EE83-462E-8642-E9A2D5EA90FE}.Debug|Any CPU.Build.0 = Debug|Any CPU
		{A229F7D5-EE83-462E-8642-E9A2D5EA90FE}.Release|Any CPU.ActiveCfg = Release|Any CPU
		{A229F7D5-EE83-462E-8642-E9A2D5EA90FE}.Release|Any CPU.Build.0 = Release|Any CPU
		{25CD4D8C-D3DB-48A0-A4D0-639B6D0BDC7C}.Debug|Any CPU.ActiveCfg = Debug|Any CPU
		{25CD4D8C-D3DB-48A0-A4D0-639B6D0BDC7C}.Debug|Any CPU.Build.0 = Debug|Any CPU
		{25CD4D8C-D3DB-48A0-A4D0-639B6D0BDC7C}.Release|Any CPU.ActiveCfg = Release|Any CPU
		{25CD4D8C-D3DB-48A0-A4D0-639B6D0BDC7C}.Release|Any CPU.Build.0 = Release|Any CPU
		{2A88C289-A06A-4D69-8C71-E632E0F6B96D}.Debug|Any CPU.ActiveCfg = Debug|Any CPU
		{2A88C289-A06A-4D69-8C71-E632E0F6B96D}.Debug|Any CPU.Build.0 = Debug|Any CPU
		{2A88C289-A06A-4D69-8C71-E632E0F6B96D}.Release|Any CPU.ActiveCfg = Release|Any CPU
		{2A88C289-A06A-4D69-8C71-E632E0F6B96D}.Release|Any CPU.Build.0 = Release|Any CPU
		{6143A90B-6C2A-4683-8A3A-4D48702770EA}.Debug|Any CPU.ActiveCfg = Debug|Any CPU
		{6143A90B-6C2A-4683-8A3A-4D48702770EA}.Debug|Any CPU.Build.0 = Debug|Any CPU
		{6143A90B-6C2A-4683-8A3A-4D48702770EA}.Release|Any CPU.ActiveCfg = Release|Any CPU
		{6143A90B-6C2A-4683-8A3A-4D48702770EA}.Release|Any CPU.Build.0 = Release|Any CPU
		{4D6603C1-F7D6-4681-97F8-69B4BBBC0536}.Debug|Any CPU.ActiveCfg = Debug|Any CPU
		{4D6603C1-F7D6-4681-97F8-69B4BBBC0536}.Debug|Any CPU.Build.0 = Debug|Any CPU
		{4D6603C1-F7D6-4681-97F8-69B4BBBC0536}.Release|Any CPU.ActiveCfg = Release|Any CPU
		{4D6603C1-F7D6-4681-97F8-69B4BBBC0536}.Release|Any CPU.Build.0 = Release|Any CPU
		{5FA9A9A2-373A-4575-94AB-601BE794D019}.Debug|Any CPU.ActiveCfg = Debug|Any CPU
		{5FA9A9A2-373A-4575-94AB-601BE794D019}.Debug|Any CPU.Build.0 = Debug|Any CPU
		{5FA9A9A2-373A-4575-94AB-601BE794D019}.Release|Any CPU.ActiveCfg = Release|Any CPU
		{5FA9A9A2-373A-4575-94AB-601BE794D019}.Release|Any CPU.Build.0 = Release|Any CPU
		{87C2AC3E-A778-4F47-BAC7-00BEABA51CAD}.Debug|Any CPU.ActiveCfg = Debug|Any CPU
		{87C2AC3E-A778-4F47-BAC7-00BEABA51CAD}.Debug|Any CPU.Build.0 = Debug|Any CPU
		{87C2AC3E-A778-4F47-BAC7-00BEABA51CAD}.Release|Any CPU.ActiveCfg = Release|Any CPU
		{87C2AC3E-A778-4F47-BAC7-00BEABA51CAD}.Release|Any CPU.Build.0 = Release|Any CPU
		{27456480-9559-4B3F-A039-BC5FEDE2460B}.Debug|Any CPU.ActiveCfg = Debug|Any CPU
		{27456480-9559-4B3F-A039-BC5FEDE2460B}.Debug|Any CPU.Build.0 = Debug|Any CPU
		{27456480-9559-4B3F-A039-BC5FEDE2460B}.Release|Any CPU.ActiveCfg = Release|Any CPU
		{27456480-9559-4B3F-A039-BC5FEDE2460B}.Release|Any CPU.Build.0 = Release|Any CPU
		{A3BD2085-C17A-4C33-B8D7-DA3C211FBEA0}.Debug|Any CPU.ActiveCfg = Debug|Any CPU
		{A3BD2085-C17A-4C33-B8D7-DA3C211FBEA0}.Debug|Any CPU.Build.0 = Debug|Any CPU
		{A3BD2085-C17A-4C33-B8D7-DA3C211FBEA0}.Release|Any CPU.ActiveCfg = Release|Any CPU
		{A3BD2085-C17A-4C33-B8D7-DA3C211FBEA0}.Release|Any CPU.Build.0 = Release|Any CPU
		{3A04000E-9332-44B4-B677-77685B709989}.Debug|Any CPU.ActiveCfg = Debug|Any CPU
		{3A04000E-9332-44B4-B677-77685B709989}.Debug|Any CPU.Build.0 = Debug|Any CPU
		{3A04000E-9332-44B4-B677-77685B709989}.Release|Any CPU.ActiveCfg = Release|Any CPU
		{3A04000E-9332-44B4-B677-77685B709989}.Release|Any CPU.Build.0 = Release|Any CPU
		{6EAD24D8-E7C3-4F64-8B90-5790115BBD8B}.Debug|Any CPU.ActiveCfg = Debug|Any CPU
		{6EAD24D8-E7C3-4F64-8B90-5790115BBD8B}.Debug|Any CPU.Build.0 = Debug|Any CPU
		{6EAD24D8-E7C3-4F64-8B90-5790115BBD8B}.Release|Any CPU.ActiveCfg = Release|Any CPU
		{6EAD24D8-E7C3-4F64-8B90-5790115BBD8B}.Release|Any CPU.Build.0 = Release|Any CPU
		{B466F6DB-4F99-480C-B01D-F6868F3ED615}.Debug|Any CPU.ActiveCfg = Debug|Any CPU
		{B466F6DB-4F99-480C-B01D-F6868F3ED615}.Debug|Any CPU.Build.0 = Debug|Any CPU
		{B466F6DB-4F99-480C-B01D-F6868F3ED615}.Release|Any CPU.ActiveCfg = Release|Any CPU
		{B466F6DB-4F99-480C-B01D-F6868F3ED615}.Release|Any CPU.Build.0 = Release|Any CPU
		{AADEA4D0-03C9-40D3-80F1-5CB553A7E94C}.Debug|Any CPU.ActiveCfg = Debug|Any CPU
		{AADEA4D0-03C9-40D3-80F1-5CB553A7E94C}.Debug|Any CPU.Build.0 = Debug|Any CPU
		{AADEA4D0-03C9-40D3-80F1-5CB553A7E94C}.Release|Any CPU.ActiveCfg = Release|Any CPU
		{AADEA4D0-03C9-40D3-80F1-5CB553A7E94C}.Release|Any CPU.Build.0 = Release|Any CPU
		{CDF35C2E-E848-4F12-BFC6-C836A07609F2}.Debug|Any CPU.ActiveCfg = Debug|Any CPU
		{CDF35C2E-E848-4F12-BFC6-C836A07609F2}.Debug|Any CPU.Build.0 = Debug|Any CPU
		{CDF35C2E-E848-4F12-BFC6-C836A07609F2}.Release|Any CPU.ActiveCfg = Release|Any CPU
		{CDF35C2E-E848-4F12-BFC6-C836A07609F2}.Release|Any CPU.Build.0 = Release|Any CPU
		{EC6C9599-AF30-45B0-8669-CAE773B5E8A5}.Debug|Any CPU.ActiveCfg = Debug|Any CPU
		{EC6C9599-AF30-45B0-8669-CAE773B5E8A5}.Debug|Any CPU.Build.0 = Debug|Any CPU
		{EC6C9599-AF30-45B0-8669-CAE773B5E8A5}.Release|Any CPU.ActiveCfg = Release|Any CPU
		{EC6C9599-AF30-45B0-8669-CAE773B5E8A5}.Release|Any CPU.Build.0 = Release|Any CPU
		{B8A16D66-C3DB-4840-BAEE-BE7BE63BB8F2}.Debug|Any CPU.ActiveCfg = Debug|Any CPU
		{B8A16D66-C3DB-4840-BAEE-BE7BE63BB8F2}.Debug|Any CPU.Build.0 = Debug|Any CPU
		{B8A16D66-C3DB-4840-BAEE-BE7BE63BB8F2}.Release|Any CPU.ActiveCfg = Release|Any CPU
		{B8A16D66-C3DB-4840-BAEE-BE7BE63BB8F2}.Release|Any CPU.Build.0 = Release|Any CPU
		{0C856DFF-3D85-43FF-864C-55869B9163AE}.Debug|Any CPU.ActiveCfg = Debug|Any CPU
		{0C856DFF-3D85-43FF-864C-55869B9163AE}.Debug|Any CPU.Build.0 = Debug|Any CPU
		{0C856DFF-3D85-43FF-864C-55869B9163AE}.Release|Any CPU.ActiveCfg = Release|Any CPU
		{0C856DFF-3D85-43FF-864C-55869B9163AE}.Release|Any CPU.Build.0 = Release|Any CPU
		{709B6EC6-B9C0-4E4E-A205-54A4EF72C21A}.Debug|Any CPU.ActiveCfg = Debug|Any CPU
		{709B6EC6-B9C0-4E4E-A205-54A4EF72C21A}.Debug|Any CPU.Build.0 = Debug|Any CPU
		{709B6EC6-B9C0-4E4E-A205-54A4EF72C21A}.Release|Any CPU.ActiveCfg = Release|Any CPU
		{709B6EC6-B9C0-4E4E-A205-54A4EF72C21A}.Release|Any CPU.Build.0 = Release|Any CPU
		{570E4099-C9AD-4F8D-B4F4-B0AFD8DD8A24}.Debug|Any CPU.ActiveCfg = Debug|Any CPU
		{570E4099-C9AD-4F8D-B4F4-B0AFD8DD8A24}.Debug|Any CPU.Build.0 = Debug|Any CPU
		{570E4099-C9AD-4F8D-B4F4-B0AFD8DD8A24}.Release|Any CPU.ActiveCfg = Release|Any CPU
		{570E4099-C9AD-4F8D-B4F4-B0AFD8DD8A24}.Release|Any CPU.Build.0 = Release|Any CPU
		{C6B72159-FD63-4DD2-B094-D9F3015E8265}.Debug|Any CPU.ActiveCfg = Debug|Any CPU
		{C6B72159-FD63-4DD2-B094-D9F3015E8265}.Debug|Any CPU.Build.0 = Debug|Any CPU
		{C6B72159-FD63-4DD2-B094-D9F3015E8265}.Release|Any CPU.ActiveCfg = Release|Any CPU
		{C6B72159-FD63-4DD2-B094-D9F3015E8265}.Release|Any CPU.Build.0 = Release|Any CPU
		{EB16F05B-D47E-4E0A-A585-F71C8FAD8B7D}.Debug|Any CPU.ActiveCfg = Debug|Any CPU
		{EB16F05B-D47E-4E0A-A585-F71C8FAD8B7D}.Debug|Any CPU.Build.0 = Debug|Any CPU
		{EB16F05B-D47E-4E0A-A585-F71C8FAD8B7D}.Release|Any CPU.ActiveCfg = Release|Any CPU
		{EB16F05B-D47E-4E0A-A585-F71C8FAD8B7D}.Release|Any CPU.Build.0 = Release|Any CPU
		{79F46B1C-AEDC-4CFD-A6CA-767D626E9674}.Debug|Any CPU.ActiveCfg = Debug|Any CPU
		{79F46B1C-AEDC-4CFD-A6CA-767D626E9674}.Debug|Any CPU.Build.0 = Debug|Any CPU
		{79F46B1C-AEDC-4CFD-A6CA-767D626E9674}.Release|Any CPU.ActiveCfg = Release|Any CPU
		{79F46B1C-AEDC-4CFD-A6CA-767D626E9674}.Release|Any CPU.Build.0 = Release|Any CPU
		{D0A64CB4-FF94-45F2-B829-7001B5B64EA4}.Debug|Any CPU.ActiveCfg = Debug|Any CPU
		{D0A64CB4-FF94-45F2-B829-7001B5B64EA4}.Debug|Any CPU.Build.0 = Debug|Any CPU
		{D0A64CB4-FF94-45F2-B829-7001B5B64EA4}.Release|Any CPU.ActiveCfg = Release|Any CPU
		{D0A64CB4-FF94-45F2-B829-7001B5B64EA4}.Release|Any CPU.Build.0 = Release|Any CPU
		{208E729D-28B1-41B1-99E8-FA0B4D609892}.Debug|Any CPU.ActiveCfg = Debug|Any CPU
		{208E729D-28B1-41B1-99E8-FA0B4D609892}.Debug|Any CPU.Build.0 = Debug|Any CPU
		{208E729D-28B1-41B1-99E8-FA0B4D609892}.Release|Any CPU.ActiveCfg = Release|Any CPU
		{208E729D-28B1-41B1-99E8-FA0B4D609892}.Release|Any CPU.Build.0 = Release|Any CPU
		{BC740613-300C-40E5-BDCC-08ACC42D096E}.Debug|Any CPU.ActiveCfg = Debug|Any CPU
		{BC740613-300C-40E5-BDCC-08ACC42D096E}.Debug|Any CPU.Build.0 = Debug|Any CPU
		{BC740613-300C-40E5-BDCC-08ACC42D096E}.Release|Any CPU.ActiveCfg = Release|Any CPU
		{BC740613-300C-40E5-BDCC-08ACC42D096E}.Release|Any CPU.Build.0 = Release|Any CPU
		{B360F42B-1D5B-41C7-80C1-939391E64FA3}.Debug|Any CPU.ActiveCfg = Debug|Any CPU
		{B360F42B-1D5B-41C7-80C1-939391E64FA3}.Debug|Any CPU.Build.0 = Debug|Any CPU
		{B360F42B-1D5B-41C7-80C1-939391E64FA3}.Release|Any CPU.ActiveCfg = Release|Any CPU
		{B360F42B-1D5B-41C7-80C1-939391E64FA3}.Release|Any CPU.Build.0 = Release|Any CPU
		{580E3CAD-17DD-409F-83C2-2F62621A11A9}.Debug|Any CPU.ActiveCfg = Debug|Any CPU
		{580E3CAD-17DD-409F-83C2-2F62621A11A9}.Debug|Any CPU.Build.0 = Debug|Any CPU
		{580E3CAD-17DD-409F-83C2-2F62621A11A9}.Release|Any CPU.ActiveCfg = Release|Any CPU
		{580E3CAD-17DD-409F-83C2-2F62621A11A9}.Release|Any CPU.Build.0 = Release|Any CPU
		{4635066C-0066-4A7D-B101-8E1016A7EB36}.Debug|Any CPU.ActiveCfg = Debug|Any CPU
		{4635066C-0066-4A7D-B101-8E1016A7EB36}.Debug|Any CPU.Build.0 = Debug|Any CPU
		{4635066C-0066-4A7D-B101-8E1016A7EB36}.Release|Any CPU.ActiveCfg = Release|Any CPU
		{4635066C-0066-4A7D-B101-8E1016A7EB36}.Release|Any CPU.Build.0 = Release|Any CPU
		{D7CA530F-C00C-4AB7-A931-64C8E1056F2C}.Debug|Any CPU.ActiveCfg = Debug|Any CPU
		{D7CA530F-C00C-4AB7-A931-64C8E1056F2C}.Debug|Any CPU.Build.0 = Debug|Any CPU
		{D7CA530F-C00C-4AB7-A931-64C8E1056F2C}.Release|Any CPU.ActiveCfg = Release|Any CPU
		{D7CA530F-C00C-4AB7-A931-64C8E1056F2C}.Release|Any CPU.Build.0 = Release|Any CPU
		{212F25C9-78E6-4AEA-B9A7-CFA1DF2200C4}.Debug|Any CPU.ActiveCfg = Debug|Any CPU
		{212F25C9-78E6-4AEA-B9A7-CFA1DF2200C4}.Debug|Any CPU.Build.0 = Debug|Any CPU
		{212F25C9-78E6-4AEA-B9A7-CFA1DF2200C4}.Release|Any CPU.ActiveCfg = Release|Any CPU
		{212F25C9-78E6-4AEA-B9A7-CFA1DF2200C4}.Release|Any CPU.Build.0 = Release|Any CPU
		{968208E9-1BA3-4069-990D-2F933DFF6FF5}.Debug|Any CPU.ActiveCfg = Debug|Any CPU
		{968208E9-1BA3-4069-990D-2F933DFF6FF5}.Debug|Any CPU.Build.0 = Debug|Any CPU
		{968208E9-1BA3-4069-990D-2F933DFF6FF5}.Release|Any CPU.ActiveCfg = Release|Any CPU
		{968208E9-1BA3-4069-990D-2F933DFF6FF5}.Release|Any CPU.Build.0 = Release|Any CPU
		{974276AE-E8FF-444F-B324-A1C2DFE7C6A8}.Debug|Any CPU.ActiveCfg = Debug|Any CPU
		{974276AE-E8FF-444F-B324-A1C2DFE7C6A8}.Debug|Any CPU.Build.0 = Debug|Any CPU
		{974276AE-E8FF-444F-B324-A1C2DFE7C6A8}.Release|Any CPU.ActiveCfg = Release|Any CPU
		{974276AE-E8FF-444F-B324-A1C2DFE7C6A8}.Release|Any CPU.Build.0 = Release|Any CPU
		{5943B5FB-2F50-4C74-9AB1-55EA5C5776A6}.Debug|Any CPU.ActiveCfg = Debug|Any CPU
		{5943B5FB-2F50-4C74-9AB1-55EA5C5776A6}.Debug|Any CPU.Build.0 = Debug|Any CPU
		{5943B5FB-2F50-4C74-9AB1-55EA5C5776A6}.Release|Any CPU.ActiveCfg = Release|Any CPU
		{5943B5FB-2F50-4C74-9AB1-55EA5C5776A6}.Release|Any CPU.Build.0 = Release|Any CPU
		{1F15AB2A-14CC-40A7-B156-3E0D8FE06E06}.Debug|Any CPU.ActiveCfg = Debug|Any CPU
		{1F15AB2A-14CC-40A7-B156-3E0D8FE06E06}.Debug|Any CPU.Build.0 = Debug|Any CPU
		{1F15AB2A-14CC-40A7-B156-3E0D8FE06E06}.Release|Any CPU.ActiveCfg = Release|Any CPU
		{1F15AB2A-14CC-40A7-B156-3E0D8FE06E06}.Release|Any CPU.Build.0 = Release|Any CPU
		{04C20025-7565-499B-81D6-DD3C64ACA8F5}.Debug|Any CPU.ActiveCfg = Debug|Any CPU
		{04C20025-7565-499B-81D6-DD3C64ACA8F5}.Debug|Any CPU.Build.0 = Debug|Any CPU
		{04C20025-7565-499B-81D6-DD3C64ACA8F5}.Release|Any CPU.ActiveCfg = Release|Any CPU
		{04C20025-7565-499B-81D6-DD3C64ACA8F5}.Release|Any CPU.Build.0 = Release|Any CPU
		{4FFE2D8B-4F7D-4974-BF05-5CCAED816057}.Debug|Any CPU.ActiveCfg = Debug|Any CPU
		{4FFE2D8B-4F7D-4974-BF05-5CCAED816057}.Debug|Any CPU.Build.0 = Debug|Any CPU
		{4FFE2D8B-4F7D-4974-BF05-5CCAED816057}.Release|Any CPU.ActiveCfg = Release|Any CPU
		{4FFE2D8B-4F7D-4974-BF05-5CCAED816057}.Release|Any CPU.Build.0 = Release|Any CPU
		{638BE7CF-03DF-4259-8FF9-2E3BF0ED2E64}.Debug|Any CPU.ActiveCfg = Debug|Any CPU
		{638BE7CF-03DF-4259-8FF9-2E3BF0ED2E64}.Debug|Any CPU.Build.0 = Debug|Any CPU
		{638BE7CF-03DF-4259-8FF9-2E3BF0ED2E64}.Release|Any CPU.ActiveCfg = Release|Any CPU
		{638BE7CF-03DF-4259-8FF9-2E3BF0ED2E64}.Release|Any CPU.Build.0 = Release|Any CPU
		{106D9B62-C776-4ACD-891D-7A88FE381824}.Debug|Any CPU.ActiveCfg = Debug|Any CPU
		{106D9B62-C776-4ACD-891D-7A88FE381824}.Debug|Any CPU.Build.0 = Debug|Any CPU
		{106D9B62-C776-4ACD-891D-7A88FE381824}.Release|Any CPU.ActiveCfg = Release|Any CPU
		{106D9B62-C776-4ACD-891D-7A88FE381824}.Release|Any CPU.Build.0 = Release|Any CPU
		{93F6A933-5806-41D3-8E31-37A76BD48A2C}.Debug|Any CPU.ActiveCfg = Debug|Any CPU
		{93F6A933-5806-41D3-8E31-37A76BD48A2C}.Debug|Any CPU.Build.0 = Debug|Any CPU
		{93F6A933-5806-41D3-8E31-37A76BD48A2C}.Release|Any CPU.ActiveCfg = Release|Any CPU
		{93F6A933-5806-41D3-8E31-37A76BD48A2C}.Release|Any CPU.Build.0 = Release|Any CPU
		{482A7FA0-5549-4A86-9FF6-E8FBBF417723}.Debug|Any CPU.ActiveCfg = Debug|Any CPU
		{482A7FA0-5549-4A86-9FF6-E8FBBF417723}.Debug|Any CPU.Build.0 = Debug|Any CPU
		{482A7FA0-5549-4A86-9FF6-E8FBBF417723}.Release|Any CPU.ActiveCfg = Release|Any CPU
		{482A7FA0-5549-4A86-9FF6-E8FBBF417723}.Release|Any CPU.Build.0 = Release|Any CPU
		{7C232388-F2F0-426C-AAEC-F689BA4EB696}.Debug|Any CPU.ActiveCfg = Debug|Any CPU
		{7C232388-F2F0-426C-AAEC-F689BA4EB696}.Debug|Any CPU.Build.0 = Debug|Any CPU
		{7C232388-F2F0-426C-AAEC-F689BA4EB696}.Release|Any CPU.ActiveCfg = Release|Any CPU
		{7C232388-F2F0-426C-AAEC-F689BA4EB696}.Release|Any CPU.Build.0 = Release|Any CPU
		{1C08BB90-FBD3-4ED2-BEC2-DE2565BC2178}.Debug|Any CPU.ActiveCfg = Debug|Any CPU
		{1C08BB90-FBD3-4ED2-BEC2-DE2565BC2178}.Debug|Any CPU.Build.0 = Debug|Any CPU
		{1C08BB90-FBD3-4ED2-BEC2-DE2565BC2178}.Release|Any CPU.ActiveCfg = Release|Any CPU
		{1C08BB90-FBD3-4ED2-BEC2-DE2565BC2178}.Release|Any CPU.Build.0 = Release|Any CPU
		{B80A6FDA-15FB-4886-87F2-1745F248D65D}.Debug|Any CPU.ActiveCfg = Debug|Any CPU
		{B80A6FDA-15FB-4886-87F2-1745F248D65D}.Debug|Any CPU.Build.0 = Debug|Any CPU
		{B80A6FDA-15FB-4886-87F2-1745F248D65D}.Release|Any CPU.ActiveCfg = Release|Any CPU
		{B80A6FDA-15FB-4886-87F2-1745F248D65D}.Release|Any CPU.Build.0 = Release|Any CPU
	EndGlobalSection
	GlobalSection(SolutionProperties) = preSolution
		HideSolutionNode = FALSE
	EndGlobalSection
	GlobalSection(NestedProjects) = preSolution
		{A2213374-BB48-48FD-BBD4-81E6A961D866} = {AFAA0841-BD93-466F-B8F4-FB4EEC86F1FC}
		{9FC37C62-2105-4D32-9724-7323B959504B} = {AFAA0841-BD93-466F-B8F4-FB4EEC86F1FC}
		{0FA75A5B-AB83-4FD0-B545-279774C01E87} = {AFAA0841-BD93-466F-B8F4-FB4EEC86F1FC}
		{3870C648-4AEA-4B85-BA3F-F2F63B96136A} = {AFAA0841-BD93-466F-B8F4-FB4EEC86F1FC}
		{0D4C5D00-C144-4213-A007-4B8944113AB1} = {F10AA149-2626-486E-85BB-9CD5365F3016}
		{7CAD3713-812A-4DE1-BDE3-59225B1E430A} = {AFAA0841-BD93-466F-B8F4-FB4EEC86F1FC}
		{0F0E141D-2626-4114-9805-3AFD8275A6B0} = {AFAA0841-BD93-466F-B8F4-FB4EEC86F1FC}
		{A229F7D5-EE83-462E-8642-E9A2D5EA90FE} = {AFAA0841-BD93-466F-B8F4-FB4EEC86F1FC}
		{25CD4D8C-D3DB-48A0-A4D0-639B6D0BDC7C} = {F10AA149-2626-486E-85BB-9CD5365F3016}
		{2A88C289-A06A-4D69-8C71-E632E0F6B96D} = {AFAA0841-BD93-466F-B8F4-FB4EEC86F1FC}
		{6143A90B-6C2A-4683-8A3A-4D48702770EA} = {AFAA0841-BD93-466F-B8F4-FB4EEC86F1FC}
		{4D6603C1-F7D6-4681-97F8-69B4BBBC0536} = {AFAA0841-BD93-466F-B8F4-FB4EEC86F1FC}
		{5FA9A9A2-373A-4575-94AB-601BE794D019} = {D5D79B55-5E63-4C5F-AA00-20E237EF005D}
		{D5D79B55-5E63-4C5F-AA00-20E237EF005D} = {AFAA0841-BD93-466F-B8F4-FB4EEC86F1FC}
		{87C2AC3E-A778-4F47-BAC7-00BEABA51CAD} = {D5D79B55-5E63-4C5F-AA00-20E237EF005D}
		{27456480-9559-4B3F-A039-BC5FEDE2460B} = {D5D79B55-5E63-4C5F-AA00-20E237EF005D}
		{A3BD2085-C17A-4C33-B8D7-DA3C211FBEA0} = {D5D79B55-5E63-4C5F-AA00-20E237EF005D}
		{3A04000E-9332-44B4-B677-77685B709989} = {D5D79B55-5E63-4C5F-AA00-20E237EF005D}
		{6E629E77-5932-46FA-A6A9-5D1F10F5FC7C} = {AFAA0841-BD93-466F-B8F4-FB4EEC86F1FC}
		{6EAD24D8-E7C3-4F64-8B90-5790115BBD8B} = {6E629E77-5932-46FA-A6A9-5D1F10F5FC7C}
		{B466F6DB-4F99-480C-B01D-F6868F3ED615} = {6E629E77-5932-46FA-A6A9-5D1F10F5FC7C}
		{5ADFDF1F-8F68-4E65-AC59-33ED24404A2F} = {AFAA0841-BD93-466F-B8F4-FB4EEC86F1FC}
		{5BFA6590-E3D6-4D78-A62D-08AAF20702D2} = {AFAA0841-BD93-466F-B8F4-FB4EEC86F1FC}
		{40A10015-39E3-41F2-9B74-DF5FE01DB521} = {AFAA0841-BD93-466F-B8F4-FB4EEC86F1FC}
		{38571043-FF43-49DD-93A4-D1C041E05840} = {AFAA0841-BD93-466F-B8F4-FB4EEC86F1FC}
		{262ACBB2-565F-43C2-A4ED-026F879F1F57} = {AFAA0841-BD93-466F-B8F4-FB4EEC86F1FC}
		{8255DC0D-6595-43D7-8F01-80269EC78A51} = {AFAA0841-BD93-466F-B8F4-FB4EEC86F1FC}
		{1189B4FD-8FC2-4BEC-8861-FA4233F0EB41} = {AFAA0841-BD93-466F-B8F4-FB4EEC86F1FC}
		{5C2A1D9B-3ADD-46F8-9A25-27ABAA8F2A4E} = {AFAA0841-BD93-466F-B8F4-FB4EEC86F1FC}
		{65D743AD-498F-48D2-8DAC-53DDF4689D69} = {AFAA0841-BD93-466F-B8F4-FB4EEC86F1FC}
		{5E011C0C-635A-46F9-87FF-9B504FBFC518} = {AFAA0841-BD93-466F-B8F4-FB4EEC86F1FC}
		{D306161B-C0E8-4BAF-B9AC-E42200AE4276} = {AFAA0841-BD93-466F-B8F4-FB4EEC86F1FC}
		{EAC1C485-1BAB-487B-A569-0E620358C3DA} = {AFAA0841-BD93-466F-B8F4-FB4EEC86F1FC}
		{60DEB151-63D8-49FD-9A9A-9B7023FBFCEA} = {AFAA0841-BD93-466F-B8F4-FB4EEC86F1FC}
		{593D412D-CDB9-490F-968B-35DD368099F2} = {AFAA0841-BD93-466F-B8F4-FB4EEC86F1FC}
		{72E5D709-AEF3-45AB-A927-C0F74C01243E} = {AFAA0841-BD93-466F-B8F4-FB4EEC86F1FC}
		{AADEA4D0-03C9-40D3-80F1-5CB553A7E94C} = {5ADFDF1F-8F68-4E65-AC59-33ED24404A2F}
		{CDF35C2E-E848-4F12-BFC6-C836A07609F2} = {5ADFDF1F-8F68-4E65-AC59-33ED24404A2F}
		{EC6C9599-AF30-45B0-8669-CAE773B5E8A5} = {40A10015-39E3-41F2-9B74-DF5FE01DB521}
		{B8A16D66-C3DB-4840-BAEE-BE7BE63BB8F2} = {40A10015-39E3-41F2-9B74-DF5FE01DB521}
		{0C856DFF-3D85-43FF-864C-55869B9163AE} = {38571043-FF43-49DD-93A4-D1C041E05840}
		{709B6EC6-B9C0-4E4E-A205-54A4EF72C21A} = {38571043-FF43-49DD-93A4-D1C041E05840}
		{570E4099-C9AD-4F8D-B4F4-B0AFD8DD8A24} = {262ACBB2-565F-43C2-A4ED-026F879F1F57}
		{C6B72159-FD63-4DD2-B094-D9F3015E8265} = {262ACBB2-565F-43C2-A4ED-026F879F1F57}
		{EB16F05B-D47E-4E0A-A585-F71C8FAD8B7D} = {1189B4FD-8FC2-4BEC-8861-FA4233F0EB41}
		{79F46B1C-AEDC-4CFD-A6CA-767D626E9674} = {1189B4FD-8FC2-4BEC-8861-FA4233F0EB41}
		{D0A64CB4-FF94-45F2-B829-7001B5B64EA4} = {8255DC0D-6595-43D7-8F01-80269EC78A51}
		{208E729D-28B1-41B1-99E8-FA0B4D609892} = {8255DC0D-6595-43D7-8F01-80269EC78A51}
		{BC740613-300C-40E5-BDCC-08ACC42D096E} = {5C2A1D9B-3ADD-46F8-9A25-27ABAA8F2A4E}
		{B360F42B-1D5B-41C7-80C1-939391E64FA3} = {5C2A1D9B-3ADD-46F8-9A25-27ABAA8F2A4E}
		{580E3CAD-17DD-409F-83C2-2F62621A11A9} = {65D743AD-498F-48D2-8DAC-53DDF4689D69}
		{4635066C-0066-4A7D-B101-8E1016A7EB36} = {65D743AD-498F-48D2-8DAC-53DDF4689D69}
		{D7CA530F-C00C-4AB7-A931-64C8E1056F2C} = {5E011C0C-635A-46F9-87FF-9B504FBFC518}
		{212F25C9-78E6-4AEA-B9A7-CFA1DF2200C4} = {5E011C0C-635A-46F9-87FF-9B504FBFC518}
		{968208E9-1BA3-4069-990D-2F933DFF6FF5} = {D306161B-C0E8-4BAF-B9AC-E42200AE4276}
		{974276AE-E8FF-444F-B324-A1C2DFE7C6A8} = {D306161B-C0E8-4BAF-B9AC-E42200AE4276}
		{5943B5FB-2F50-4C74-9AB1-55EA5C5776A6} = {EAC1C485-1BAB-487B-A569-0E620358C3DA}
		{1F15AB2A-14CC-40A7-B156-3E0D8FE06E06} = {EAC1C485-1BAB-487B-A569-0E620358C3DA}
		{04C20025-7565-499B-81D6-DD3C64ACA8F5} = {5BFA6590-E3D6-4D78-A62D-08AAF20702D2}
		{4FFE2D8B-4F7D-4974-BF05-5CCAED816057} = {5BFA6590-E3D6-4D78-A62D-08AAF20702D2}
		{638BE7CF-03DF-4259-8FF9-2E3BF0ED2E64} = {60DEB151-63D8-49FD-9A9A-9B7023FBFCEA}
		{106D9B62-C776-4ACD-891D-7A88FE381824} = {60DEB151-63D8-49FD-9A9A-9B7023FBFCEA}
		{93F6A933-5806-41D3-8E31-37A76BD48A2C} = {593D412D-CDB9-490F-968B-35DD368099F2}
		{482A7FA0-5549-4A86-9FF6-E8FBBF417723} = {593D412D-CDB9-490F-968B-35DD368099F2}
		{7C232388-F2F0-426C-AAEC-F689BA4EB696} = {72E5D709-AEF3-45AB-A927-C0F74C01243E}
		{1C08BB90-FBD3-4ED2-BEC2-DE2565BC2178} = {72E5D709-AEF3-45AB-A927-C0F74C01243E}
		{B80A6FDA-15FB-4886-87F2-1745F248D65D} = {F10AA149-2626-486E-85BB-9CD5365F3016}
		{D6B4E26E-84CE-4BDF-AE85-A88EF643E6FA} = {40A10015-39E3-41F2-9B74-DF5FE01DB521}
	EndGlobalSection
	GlobalSection(ExtensibilityGlobals) = postSolution
		SolutionGuid = {23CD4D4B-B131-473D-9ECB-5DD96E739671}
	EndGlobalSection
EndGlobal
